// !$*UTF8*$!
{
	archiveVersion = 1;
	classes = {
	};
	objectVersion = 77;
	objects = {

/* Begin PBXBuildFile section */
		A1000000000000000000001D /* RunodeFeatures in Frameworks */ = {isa = PBXBuildFile; productRef = A1000000000000000000001C /* RunodeFeatures */; };
		A1000000000000000000001F /* RunodeConnection in Frameworks */ = {isa = PBXBuildFile; productRef = A1000000000000000000001E /* RunodeConnection */; };
		A10000000000000000000021 /* RunodeProtocol in Frameworks */ = {isa = PBXBuildFile; productRef = A10000000000000000000020 /* RunodeProtocol */; };
		A10000000000000000000026 /* runode.icon in Resources */ = {isa = PBXBuildFile; fileRef = A10000000000000000000025 /* runode.icon */; };
		A10000000000000000000031 /* RunodeActivity in Frameworks */ = {isa = PBXBuildFile; productRef = A10000000000000000000030 /* RunodeActivity */; };
		A10000000000000000000035 /* RunodeWidgets.appex in Embed Foundation Extensions */ = {isa = PBXBuildFile; fileRef = A10000000000000000000027 /* RunodeWidgets.appex */; settings = {ATTRIBUTES = (RemoveHeadersOnCopy, ); }; };
/* End PBXBuildFile section */

/* Begin PBXContainerItemProxy section */
		A10000000000000000000010 /* PBXContainerItemProxy */ = {
			isa = PBXContainerItemProxy;
			containerPortal = A10000000000000000000001 /* Project object */;
			proxyType = 1;
			remoteGlobalIDString = A10000000000000000000008;
			remoteInfo = Runode;
		};
		A10000000000000000000032 /* PBXContainerItemProxy */ = {
			isa = PBXContainerItemProxy;
			containerPortal = A10000000000000000000001 /* Project object */;
			proxyType = 1;
			remoteGlobalIDString = A10000000000000000000029;
			remoteInfo = RunodeWidgets;
		};
/* End PBXContainerItemProxy section */

/* Begin PBXCopyFilesBuildPhase section */
		A10000000000000000000034 /* Embed Foundation Extensions */ = {
			isa = PBXCopyFilesBuildPhase;
			buildActionMask = 2147483647;
			dstPath = "";
			dstSubfolderSpec = 13;
			files = (
				A10000000000000000000035 /* RunodeWidgets.appex in Embed Foundation Extensions */,
			);
			name = "Embed Foundation Extensions";
			runOnlyForDeploymentPostprocessing = 0;
		};
/* End PBXCopyFilesBuildPhase section */

/* Begin PBXFileReference section */
		A10000000000000000000006 /* Runode.app */ = {isa = PBXFileReference; explicitFileType = wrapper.application; includeInIndex = 0; path = Runode.app; sourceTree = BUILT_PRODUCTS_DIR; };
		A10000000000000000000007 /* RunodeTests.xctest */ = {isa = PBXFileReference; explicitFileType = wrapper.cfbundle; includeInIndex = 0; path = RunodeTests.xctest; sourceTree = BUILT_PRODUCTS_DIR; };
		A10000000000000000000022 /* Info.plist */ = {isa = PBXFileReference; lastKnownFileType = text.plist.xml; path = Info.plist; sourceTree = "<group>"; };
		A10000000000000000000024 /* RunodeKit */ = {isa = PBXFileReference; lastKnownFileType = wrapper; path = RunodeKit; sourceTree = "<group>"; };
		A10000000000000000000025 /* runode.icon */ = {isa = PBXFileReference; lastKnownFileType = folder.iconcomposer.icon; name = runode.icon; path = ../desktop/assets/runode.icon; sourceTree = "<group>"; };
		A10000000000000000000027 /* RunodeWidgets.appex */ = {isa = PBXFileReference; explicitFileType = "wrapper.app-extension"; includeInIndex = 0; path = RunodeWidgets.appex; sourceTree = BUILT_PRODUCTS_DIR; };
		A10000000000000000000036 /* RunodeWidgets-Info.plist */ = {isa = PBXFileReference; lastKnownFileType = text.plist.xml; path = "RunodeWidgets-Info.plist"; sourceTree = "<group>"; };
/* End PBXFileReference section */

/* Begin PBXFileSystemSynchronizedRootGroup section */
		A10000000000000000000004 /* Runode */ = {
			isa = PBXFileSystemSynchronizedRootGroup;
			path = Runode;
			sourceTree = "<group>";
		};
		A10000000000000000000005 /* RunodeTests */ = {
			isa = PBXFileSystemSynchronizedRootGroup;
			path = RunodeTests;
			sourceTree = "<group>";
		};
		A10000000000000000000028 /* RunodeWidgets */ = {
			isa = PBXFileSystemSynchronizedRootGroup;
			path = RunodeWidgets;
			sourceTree = "<group>";
		};
/* End PBXFileSystemSynchronizedRootGroup section */

/* Begin PBXFrameworksBuildPhase section */
		A1000000000000000000000B /* Frameworks */ = {
			isa = PBXFrameworksBuildPhase;
			buildActionMask = 2147483647;
			files = (
				A1000000000000000000001D /* RunodeFeatures in Frameworks */,
				A1000000000000000000001F /* RunodeConnection in Frameworks */,
				A10000000000000000000021 /* RunodeProtocol in Frameworks */,
			);
			runOnlyForDeploymentPostprocessing = 0;
		};
		A1000000000000000000000E /* Frameworks */ = {
			isa = PBXFrameworksBuildPhase;
			buildActionMask = 2147483647;
			files = (
			);
			runOnlyForDeploymentPostprocessing = 0;
		};
		A1000000000000000000002B /* Frameworks */ = {
			isa = PBXFrameworksBuildPhase;
			buildActionMask = 2147483647;
			files = (
				A10000000000000000000031 /* RunodeActivity in Frameworks */,
			);
			runOnlyForDeploymentPostprocessing = 0;
		};
/* End PBXFrameworksBuildPhase section */

/* Begin PBXGroup section */
		A10000000000000000000002 = {
			isa = PBXGroup;
			children = (
				A10000000000000000000024 /* RunodeKit */,
				A10000000000000000000004 /* Runode */,
				A10000000000000000000005 /* RunodeTests */,
				A10000000000000000000028 /* RunodeWidgets */,
				A10000000000000000000023 /* Config */,
				A10000000000000000000025 /* runode.icon */,
				A10000000000000000000003 /* Products */,
			);
			sourceTree = "<group>";
		};
		A10000000000000000000003 /* Products */ = {
			isa = PBXGroup;
			children = (
				A10000000000000000000006 /* Runode.app */,
				A10000000000000000000007 /* RunodeTests.xctest */,
				A10000000000000000000027 /* RunodeWidgets.appex */,
			);
			name = Products;
			sourceTree = "<group>";
		};
		A10000000000000000000023 /* Config */ = {
			isa = PBXGroup;
			children = (
				A10000000000000000000022 /* Info.plist */,
				A10000000000000000000036 /* RunodeWidgets-Info.plist */,
			);
			path = Config;
			sourceTree = "<group>";
		};
/* End PBXGroup section */

/* Begin PBXNativeTarget section */
		A10000000000000000000008 /* Runode */ = {
			isa = PBXNativeTarget;
			buildConfigurationList = A10000000000000000000015 /* Build configuration list for PBXNativeTarget "Runode" */;
			buildPhases = (
				A1000000000000000000000A /* Sources */,
				A1000000000000000000000B /* Frameworks */,
				A1000000000000000000000C /* Resources */,
				A10000000000000000000034 /* Embed Foundation Extensions */,
			);
			buildRules = (
			);
			dependencies = (
				A10000000000000000000033 /* PBXTargetDependency */,
			);
			fileSystemSynchronizedGroups = (
				A10000000000000000000004 /* Runode */,
			);
			name = Runode;
			packageProductDependencies = (
				A1000000000000000000001C /* RunodeFeatures */,
				A1000000000000000000001E /* RunodeConnection */,
				A10000000000000000000020 /* RunodeProtocol */,
			);
			productName = Runode;
			productReference = A10000000000000000000006 /* Runode.app */;
			productType = "com.apple.product-type.application";
		};
		A10000000000000000000009 /* RunodeTests */ = {
			isa = PBXNativeTarget;
			buildConfigurationList = A10000000000000000000018 /* Build configuration list for PBXNativeTarget "RunodeTests" */;
			buildPhases = (
				A1000000000000000000000D /* Sources */,
				A1000000000000000000000E /* Frameworks */,
				A1000000000000000000000F /* Resources */,
			);
			buildRules = (
			);
			dependencies = (
				A10000000000000000000011 /* PBXTargetDependency */,
			);
			fileSystemSynchronizedGroups = (
				A10000000000000000000005 /* RunodeTests */,
			);
			name = RunodeTests;
			productName = RunodeTests;
			productReference = A10000000000000000000007 /* RunodeTests.xctest */;
			productType = "com.apple.product-type.bundle.unit-test";
		};
		A10000000000000000000029 /* RunodeWidgets */ = {
			isa = PBXNativeTarget;
			buildConfigurationList = A1000000000000000000002D /* Build configuration list for PBXNativeTarget "RunodeWidgets" */;
			buildPhases = (
				A1000000000000000000002A /* Sources */,
				A1000000000000000000002B /* Frameworks */,
				A1000000000000000000002C /* Resources */,
			);
			buildRules = (
			);
			dependencies = (
			);
			fileSystemSynchronizedGroups = (
				A10000000000000000000028 /* RunodeWidgets */,
			);
			name = RunodeWidgets;
			packageProductDependencies = (
				A10000000000000000000030 /* RunodeActivity */,
			);
			productName = RunodeWidgets;
			productReference = A10000000000000000000027 /* RunodeWidgets.appex */;
			productType = "com.apple.product-type.app-extension";
		};
/* End PBXNativeTarget section */

/* Begin PBXProject section */
		A10000000000000000000001 /* Project object */ = {
			isa = PBXProject;
			attributes = {
				BuildIndependentTargetsInParallel = 1;
				LastSwiftUpdateCheck = 1600;
				LastUpgradeCheck = 1600;
				TargetAttributes = {
					A10000000000000000000008 = {
						CreatedOnToolsVersion = 16.0;
					};
					A10000000000000000000009 = {
						CreatedOnToolsVersion = 16.0;
						TestTargetID = A10000000000000000000008;
					};
					A10000000000000000000029 = {
						CreatedOnToolsVersion = 16.0;
					};
				};
			};
			buildConfigurationList = A10000000000000000000012 /* Build configuration list for PBXProject "Runode" */;
			developmentRegion = "zh-Hans";
			hasScannedForEncodings = 0;
			knownRegions = (
				"zh-Hans",
				Base,
			);
			mainGroup = A10000000000000000000002;
			minimizedProjectReferenceProxies = 1;
			packageReferences = (
				A1000000000000000000001B /* XCLocalSwiftPackageReference "RunodeKit" */,
			);
			preferredProjectObjectVersion = 77;
			productRefGroup = A10000000000000000000003 /* Products */;
			projectDirPath = "";
			projectRoot = "";
			targets = (
				A10000000000000000000008 /* Runode */,
				A10000000000000000000009 /* RunodeTests */,
				A10000000000000000000029 /* RunodeWidgets */,
			);
		};
/* End PBXProject section */

/* Begin PBXResourcesBuildPhase section */
		A1000000000000000000000C /* Resources */ = {
			isa = PBXResourcesBuildPhase;
			buildActionMask = 2147483647;
			files = (
				A10000000000000000000026 /* runode.icon in Resources */,
			);
			runOnlyForDeploymentPostprocessing = 0;
		};
		A1000000000000000000000F /* Resources */ = {
			isa = PBXResourcesBuildPhase;
			buildActionMask = 2147483647;
			files = (
			);
			runOnlyForDeploymentPostprocessing = 0;
		};
		A1000000000000000000002C /* Resources */ = {
			isa = PBXResourcesBuildPhase;
			buildActionMask = 2147483647;
			files = (
			);
			runOnlyForDeploymentPostprocessing = 0;
		};
/* End PBXResourcesBuildPhase section */

/* Begin PBXSourcesBuildPhase section */
		A1000000000000000000000A /* Sources */ = {
			isa = PBXSourcesBuildPhase;
			buildActionMask = 2147483647;
			files = (
			);
			runOnlyForDeploymentPostprocessing = 0;
		};
		A1000000000000000000000D /* Sources */ = {
			isa = PBXSourcesBuildPhase;
			buildActionMask = 2147483647;
			files = (
			);
			runOnlyForDeploymentPostprocessing = 0;
		};
		A1000000000000000000002A /* Sources */ = {
			isa = PBXSourcesBuildPhase;
			buildActionMask = 2147483647;
			files = (
			);
			runOnlyForDeploymentPostprocessing = 0;
		};
/* End PBXSourcesBuildPhase section */

/* Begin PBXTargetDependency section */
		A10000000000000000000011 /* PBXTargetDependency */ = {
			isa = PBXTargetDependency;
			target = A10000000000000000000008 /* Runode */;
			targetProxy = A10000000000000000000010 /* PBXContainerItemProxy */;
		};
		A10000000000000000000033 /* PBXTargetDependency */ = {
			isa = PBXTargetDependency;
			target = A10000000000000000000029 /* RunodeWidgets */;
			targetProxy = A10000000000000000000032 /* PBXContainerItemProxy */;
		};
/* End PBXTargetDependency section */

/* Begin XCBuildConfiguration section */
		A10000000000000000000013 /* Debug */ = {
			isa = XCBuildConfiguration;
			buildSettings = {
				ALWAYS_SEARCH_USER_PATHS = NO;
				ASSETCATALOG_COMPILER_GENERATE_SWIFT_ASSET_SYMBOL_EXTENSIONS = YES;
				CLANG_ANALYZER_NONNULL = YES;
				CLANG_ENABLE_MODULES = YES;
				CLANG_ENABLE_OBJC_ARC = YES;
				COPY_PHASE_STRIP = NO;
				DEBUG_INFORMATION_FORMAT = dwarf;
				DEVELOPMENT_TEAM = 5VRL2M2A3V;
				ENABLE_STRICT_OBJC_MSGSEND = YES;
				ENABLE_TESTABILITY = YES;
				ENABLE_USER_SCRIPT_SANDBOXING = YES;
				GCC_C_LANGUAGE_STANDARD = gnu17;
				GCC_DYNAMIC_NO_PIC = NO;
				GCC_NO_COMMON_BLOCKS = YES;
				GCC_OPTIMIZATION_LEVEL = 0;
				GCC_PREPROCESSOR_DEFINITIONS = (
					"DEBUG=1",
					"$(inherited)",
				);
				IPHONEOS_DEPLOYMENT_TARGET = 18.0;
				LOCALIZATION_PREFERS_STRING_CATALOGS = YES;
				MTL_ENABLE_DEBUG_INFO = INCLUDE_SOURCE;
				ONLY_ACTIVE_ARCH = YES;
				SDKROOT = iphoneos;
				SWIFT_ACTIVE_COMPILATION_CONDITIONS = "DEBUG $(inherited)";
				SWIFT_OPTIMIZATION_LEVEL = "-Onone";
				SWIFT_STRICT_CONCURRENCY = complete;
				SWIFT_VERSION = 6.0;
			};
			name = Debug;
		};
		A10000000000000000000014 /* Release */ = {
			isa = XCBuildConfiguration;
			buildSettings = {
				ALWAYS_SEARCH_USER_PATHS = NO;
				ASSETCATALOG_COMPILER_GENERATE_SWIFT_ASSET_SYMBOL_EXTENSIONS = YES;
				CLANG_ANALYZER_NONNULL = YES;
				CLANG_ENABLE_MODULES = YES;
				CLANG_ENABLE_OBJC_ARC = YES;
				COPY_PHASE_STRIP = NO;
				DEBUG_INFORMATION_FORMAT = "dwarf-with-dsym";
				DEVELOPMENT_TEAM = 5VRL2M2A3V;
				ENABLE_NS_ASSERTIONS = NO;
				ENABLE_STRICT_OBJC_MSGSEND = YES;
				ENABLE_USER_SCRIPT_SANDBOXING = YES;
				GCC_C_LANGUAGE_STANDARD = gnu17;
				GCC_NO_COMMON_BLOCKS = YES;
				IPHONEOS_DEPLOYMENT_TARGET = 18.0;
				LOCALIZATION_PREFERS_STRING_CATALOGS = YES;
				MTL_ENABLE_DEBUG_INFO = NO;
				SDKROOT = iphoneos;
				SWIFT_COMPILATION_MODE = wholemodule;
				SWIFT_STRICT_CONCURRENCY = complete;
				SWIFT_VERSION = 6.0;
				VALIDATE_PRODUCT = YES;
			};
			name = Release;
		};
		A10000000000000000000016 /* Debug */ = {
			isa = XCBuildConfiguration;
			buildSettings = {
				ASSETCATALOG_COMPILER_APPICON_NAME = runode;
				CODE_SIGN_STYLE = Automatic;
				CURRENT_PROJECT_VERSION = 1;
				DEVELOPMENT_TEAM = 5VRL2M2A3V;
				ENABLE_PREVIEWS = YES;
				GENERATE_INFOPLIST_FILE = YES;
				CODE_SIGN_ENTITLEMENTS = Config/Runode.entitlements;
				INFOPLIST_FILE = Config/Info.plist;
				INFOPLIST_KEY_CFBundleDisplayName = Runode;
				INFOPLIST_KEY_LSApplicationCategoryType = "public.app-category.developer-tools";
				INFOPLIST_KEY_NSCameraUsageDescription = "扫电脑上 Runode 显示的配对二维码。";
				INFOPLIST_KEY_NSLocalNetworkUsageDescription = "在局域网里找到并连接你电脑上的 Runode。";
				INFOPLIST_KEY_UIApplicationSceneManifest_Generation = YES;
				INFOPLIST_KEY_UIApplicationSupportsIndirectInputEvents = YES;
				INFOPLIST_KEY_UILaunchScreen_Generation = YES;
				INFOPLIST_KEY_UISupportedInterfaceOrientations_iPad = "UIInterfaceOrientationPortrait UIInterfaceOrientationPortraitUpsideDown UIInterfaceOrientationLandscapeLeft UIInterfaceOrientationLandscapeRight";
				INFOPLIST_KEY_UISupportedInterfaceOrientations_iPhone = "UIInterfaceOrientationPortrait UIInterfaceOrientationLandscapeLeft UIInterfaceOrientationLandscapeRight";
				LD_RUNPATH_SEARCH_PATHS = (
					"$(inherited)",
					"@executable_path/Frameworks",
				);
				MARKETING_VERSION = 0.1.0;
				PRODUCT_BUNDLE_IDENTIFIER = dev.runode.mobile;
				PRODUCT_NAME = "$(TARGET_NAME)";
				RUNODE_APS_ENVIRONMENT = development;
				SWIFT_EMIT_LOC_STRINGS = YES;
				TARGETED_DEVICE_FAMILY = "1,2";
			};
			name = Debug;
		};
		A10000000000000000000017 /* Release */ = {
			isa = XCBuildConfiguration;
			buildSettings = {
				ASSETCATALOG_COMPILER_APPICON_NAME = runode;
				CODE_SIGN_STYLE = Automatic;
				CURRENT_PROJECT_VERSION = 1;
				DEVELOPMENT_TEAM = 5VRL2M2A3V;
				ENABLE_PREVIEWS = YES;
				GENERATE_INFOPLIST_FILE = YES;
				CODE_SIGN_ENTITLEMENTS = Config/Runode.entitlements;
				INFOPLIST_FILE = Config/Info.plist;
				INFOPLIST_KEY_CFBundleDisplayName = Runode;
				INFOPLIST_KEY_LSApplicationCategoryType = "public.app-category.developer-tools";
				INFOPLIST_KEY_NSCameraUsageDescription = "扫电脑上 Runode 显示的配对二维码。";
				INFOPLIST_KEY_NSLocalNetworkUsageDescription = "在局域网里找到并连接你电脑上的 Runode。";
				INFOPLIST_KEY_UIApplicationSceneManifest_Generation = YES;
				INFOPLIST_KEY_UIApplicationSupportsIndirectInputEvents = YES;
				INFOPLIST_KEY_UILaunchScreen_Generation = YES;
				INFOPLIST_KEY_UISupportedInterfaceOrientations_iPad = "UIInterfaceOrientationPortrait UIInterfaceOrientationPortraitUpsideDown UIInterfaceOrientationLandscapeLeft UIInterfaceOrientationLandscapeRight";
				INFOPLIST_KEY_UISupportedInterfaceOrientations_iPhone = "UIInterfaceOrientationPortrait UIInterfaceOrientationLandscapeLeft UIInterfaceOrientationLandscapeRight";
				LD_RUNPATH_SEARCH_PATHS = (
					"$(inherited)",
					"@executable_path/Frameworks",
				);
				MARKETING_VERSION = 0.1.0;
				PRODUCT_BUNDLE_IDENTIFIER = dev.runode.mobile;
				PRODUCT_NAME = "$(TARGET_NAME)";
				RUNODE_APS_ENVIRONMENT = production;
				SWIFT_EMIT_LOC_STRINGS = YES;
				TARGETED_DEVICE_FAMILY = "1,2";
			};
			name = Release;
		};
		A10000000000000000000019 /* Debug */ = {
			isa = XCBuildConfiguration;
			buildSettings = {
				BUNDLE_LOADER = "$(TEST_HOST)";
				CODE_SIGN_STYLE = Automatic;
				CURRENT_PROJECT_VERSION = 1;
				DEVELOPMENT_TEAM = 5VRL2M2A3V;
				GENERATE_INFOPLIST_FILE = YES;
				MARKETING_VERSION = 0.1.0;
				PRODUCT_BUNDLE_IDENTIFIER = dev.runode.mobile.tests;
				PRODUCT_NAME = "$(TARGET_NAME)";
				SWIFT_EMIT_LOC_STRINGS = NO;
				TARGETED_DEVICE_FAMILY = "1,2";
				TEST_HOST = "$(BUILT_PRODUCTS_DIR)/Runode.app/$(BUNDLE_EXECUTABLE_FOLDER_PATH)/Runode";
			};
			name = Debug;
		};
		A1000000000000000000001A /* Release */ = {
			isa = XCBuildConfiguration;
			buildSettings = {
				BUNDLE_LOADER = "$(TEST_HOST)";
				CODE_SIGN_STYLE = Automatic;
				CURRENT_PROJECT_VERSION = 1;
				DEVELOPMENT_TEAM = 5VRL2M2A3V;
				GENERATE_INFOPLIST_FILE = YES;
				MARKETING_VERSION = 0.1.0;
				PRODUCT_BUNDLE_IDENTIFIER = dev.runode.mobile.tests;
				PRODUCT_NAME = "$(TARGET_NAME)";
				SWIFT_EMIT_LOC_STRINGS = NO;
				TARGETED_DEVICE_FAMILY = "1,2";
				TEST_HOST = "$(BUILT_PRODUCTS_DIR)/Runode.app/$(BUNDLE_EXECUTABLE_FOLDER_PATH)/Runode";
			};
			name = Release;
		};
		A1000000000000000000002E /* Debug */ = {
			isa = XCBuildConfiguration;
			buildSettings = {
				CODE_SIGN_STYLE = Automatic;
				CURRENT_PROJECT_VERSION = 1;
				DEVELOPMENT_TEAM = 5VRL2M2A3V;
				GENERATE_INFOPLIST_FILE = YES;
				INFOPLIST_FILE = "Config/RunodeWidgets-Info.plist";
				INFOPLIST_KEY_CFBundleDisplayName = Runode;
				LD_RUNPATH_SEARCH_PATHS = (
					"$(inherited)",
					"@executable_path/Frameworks",
					"@executable_path/../../Frameworks",
				);
				MARKETING_VERSION = 0.1.0;
				PRODUCT_BUNDLE_IDENTIFIER = dev.runode.mobile.widgets;
				PRODUCT_NAME = "$(TARGET_NAME)";
				SKIP_INSTALL = YES;
				SWIFT_EMIT_LOC_STRINGS = YES;
				TARGETED_DEVICE_FAMILY = "1,2";
			};
			name = Debug;
		};
		A1000000000000000000002F /* Release */ = {
			isa = XCBuildConfiguration;
			buildSettings = {
				CODE_SIGN_STYLE = Automatic;
				CURRENT_PROJECT_VERSION = 1;
				DEVELOPMENT_TEAM = 5VRL2M2A3V;
				GENERATE_INFOPLIST_FILE = YES;
				INFOPLIST_FILE = "Config/RunodeWidgets-Info.plist";
				INFOPLIST_KEY_CFBundleDisplayName = Runode;
				LD_RUNPATH_SEARCH_PATHS = (
					"$(inherited)",
					"@executable_path/Frameworks",
					"@executable_path/../../Frameworks",
				);
				MARKETING_VERSION = 0.1.0;
				PRODUCT_BUNDLE_IDENTIFIER = dev.runode.mobile.widgets;
				PRODUCT_NAME = "$(TARGET_NAME)";
				SKIP_INSTALL = YES;
				SWIFT_EMIT_LOC_STRINGS = YES;
				TARGETED_DEVICE_FAMILY = "1,2";
			};
			name = Release;
		};
/* End XCBuildConfiguration section */

/* Begin XCConfigurationList section */
		A10000000000000000000012 /* Build configuration list for PBXProject "Runode" */ = {
			isa = XCConfigurationList;
			buildConfigurations = (
				A10000000000000000000013 /* Debug */,
				A10000000000000000000014 /* Release */,
			);
			defaultConfigurationIsVisible = 0;
			defaultConfigurationName = Release;
		};
		A10000000000000000000015 /* Build configuration list for PBXNativeTarget "Runode" */ = {
			isa = XCConfigurationList;
			buildConfigurations = (
				A10000000000000000000016 /* Debug */,
				A10000000000000000000017 /* Release */,
			);
			defaultConfigurationIsVisible = 0;
			defaultConfigurationName = Release;
		};
		A10000000000000000000018 /* Build configuration list for PBXNativeTarget "RunodeTests" */ = {
			isa = XCConfigurationList;
			buildConfigurations = (
				A10000000000000000000019 /* Debug */,
				A1000000000000000000001A /* Release */,
			);
			defaultConfigurationIsVisible = 0;
			defaultConfigurationName = Release;
		};
		A1000000000000000000002D /* Build configuration list for PBXNativeTarget "RunodeWidgets" */ = {
			isa = XCConfigurationList;
			buildConfigurations = (
				A1000000000000000000002E /* Debug */,
				A1000000000000000000002F /* Release */,
			);
			defaultConfigurationIsVisible = 0;
			defaultConfigurationName = Release;
		};
/* End XCConfigurationList section */

/* Begin XCLocalSwiftPackageReference section */
		A1000000000000000000001B /* XCLocalSwiftPackageReference "RunodeKit" */ = {
			isa = XCLocalSwiftPackageReference;
			relativePath = RunodeKit;
		};
/* End XCLocalSwiftPackageReference section */

/* Begin XCSwiftPackageProductDependency section */
		A1000000000000000000001C /* RunodeFeatures */ = {
			isa = XCSwiftPackageProductDependency;
			productName = RunodeFeatures;
		};
		A1000000000000000000001E /* RunodeConnection */ = {
			isa = XCSwiftPackageProductDependency;
			productName = RunodeConnection;
		};
		A10000000000000000000020 /* RunodeProtocol */ = {
			isa = XCSwiftPackageProductDependency;
			productName = RunodeProtocol;
		};
		A10000000000000000000030 /* RunodeActivity */ = {
			isa = XCSwiftPackageProductDependency;
			productName = RunodeActivity;
		};
/* End XCSwiftPackageProductDependency section */
	};
	rootObject = A10000000000000000000001 /* Project object */;
}
